
Microsoft Visual Studio Solution File, Format Version 12.00
# Visual Studio Version 17
VisualStudioVersion = 17.8.34525.116
MinimumVisualStudioVersion = 10.0.40219.1
Project("{FAE04EC0-301F-11D3-BF4B-00C04F79EFBC}") = "WebAppDapper", "WebAppDapper\WebAppDapper.csproj", "{442741D0-0F0C-4397-8C83-649DF95C43A2}"
EndProject
Global
	GlobalSection(SolutionConfigurationPlatforms) = preSolution
		Debug|Any CPU = Debug|Any CPU
		Release|Any CPU = Release|Any CPU
	EndGlobalSection
	GlobalSection(ProjectConfigurationPlatforms) = postSolution
		{442741D0-0F0C-4397-8C83-649DF95C43A2}.Debug|Any CPU.ActiveCfg = Debug|Any CPU
		{442741D0-0F0C-4397-8C83-649DF95C43A2}.Debug|Any CPU.Build.0 = Debug|Any CPU
		{442741D0-0F0C-4397-8C83-649DF95C43A2}.Release|Any CPU.ActiveCfg = Release|Any CPU
		{442741D0-0F0C-4397-8C83-649DF95C43A2}.Release|Any CPU.Build.0 = Release|Any CPU
	EndGlobalSection
	GlobalSection(SolutionProperties) = preSolution
		HideSolutionNode = FALSE
	EndGlobalSection
	GlobalSection(ExtensibilityGlobals) = postSolution
		SolutionGuid = {70072D1E-82AC-4EC9-877D-89F5F62D5205}
	EndGlobalSection
EndGlobal
